
Microsoft Visual Studio Solution File, Format Version 12.00
# Visual Studio 15
VisualStudioVersion = 15.0.35319.79
MinimumVisualStudioVersion = 10.0.40219.1
Project("{FAE04EC0-301F-11D3-BF4B-00C04F79EFBC}") = "AplicaçãoKnockout", "AplicaçãoKnockout\AplicaçãoKnockout.csproj", "{2C4FB624-AEEB-46B9-B073-C2E19BF200E2}"
EndProject
Global
	GlobalSection(SolutionConfigurationPlatforms) = preSolution
		Debug|Any CPU = Debug|Any CPU
		Release|Any CPU = Release|Any CPU
	EndGlobalSection
	GlobalSection(ProjectConfigurationPlatforms) = postSolution
		{2C4FB624-AEEB-46B9-B073-C2E19BF200E2}.Debug|Any CPU.ActiveCfg = Debug|Any CPU
		{2C4FB624-AEEB-46B9-B073-C2E19BF200E2}.Debug|Any CPU.Build.0 = Debug|Any CPU
		{2C4FB624-AEEB-46B9-B073-C2E19BF200E2}.Release|Any CPU.ActiveCfg = Release|Any CPU
		{2C4FB624-AEEB-46B9-B073-C2E19BF200E2}.Release|Any CPU.Build.0 = Release|Any CPU
	EndGlobalSection
	GlobalSection(SolutionProperties) = preSolution
		HideSolutionNode = FALSE
	EndGlobalSection
	GlobalSection(ExtensibilityGlobals) = postSolution
		SolutionGuid = {C92C48C5-5A04-4550-8311-72210C3DC66C}
	EndGlobalSection
EndGlobal
